
Microsoft Visual Studio Solution File, Format Version 12.00
# Visual Studio Version 17
VisualStudioVersion = 17.11.35312.102
MinimumVisualStudioVersion = 10.0.40219.1
Project("{FAE04EC0-301F-11D3-BF4B-00C04F79EFBC}") = "SEDO_Training", "SEDO_Training\SEDO_Training.csproj", "{BD13B4F7-4781-4D8D-9B62-9C95F7BF4EFB}"
EndProject
Global
	GlobalSection(SolutionConfigurationPlatforms) = preSolution
		Debug|Any CPU = Debug|Any CPU
		Release|Any CPU = Release|Any CPU
	EndGlobalSection
	GlobalSection(ProjectConfigurationPlatforms) = postSolution
		{BD13B4F7-4781-4D8D-9B62-9C95F7BF4EFB}.Debug|Any CPU.ActiveCfg = Debug|Any CPU
		{BD13B4F7-4781-4D8D-9B62-9C95F7BF4EFB}.Debug|Any CPU.Build.0 = Debug|Any CPU
		{BD13B4F7-4781-4D8D-9B62-9C95F7BF4EFB}.Release|Any CPU.ActiveCfg = Release|Any CPU
		{BD13B4F7-4781-4D8D-9B62-9C95F7BF4EFB}.Release|Any CPU.Build.0 = Release|Any CPU
	EndGlobalSection
	GlobalSection(SolutionProperties) = preSolution
		HideSolutionNode = FALSE
	EndGlobalSection
	GlobalSection(ExtensibilityGlobals) = postSolution
		SolutionGuid = {2DED7EBC-71D8-43E9-BA58-C2A58A09EED5}
	EndGlobalSection
EndGlobal
